
Microsoft Visual Studio Solution File, Format Version 12.00
# Visual Studio Version 16
VisualStudioVersion = 16.0.29025.244
MinimumVisualStudioVersion = 10.0.40219.1
Project("{FAE04EC0-301F-11D3-BF4B-00C04F79EFBC}") = "Курсовая тимп", "Курсовая тимп.csproj", "{1C4B43E8-F9B3-4EAB-9F87-CADDC589243D}"
EndProject
Global
	GlobalSection(SolutionConfigurationPlatforms) = preSolution
		Debug|Any CPU = Debug|Any CPU
		Release|Any CPU = Release|Any CPU
	EndGlobalSection
	GlobalSection(ProjectConfigurationPlatforms) = postSolution
		{1C4B43E8-F9B3-4EAB-9F87-CADDC589243D}.Debug|Any CPU.ActiveCfg = Debug|Any CPU
		{1C4B43E8-F9B3-4EAB-9F87-CADDC589243D}.Debug|Any CPU.Build.0 = Debug|Any CPU
		{1C4B43E8-F9B3-4EAB-9F87-CADDC589243D}.Release|Any CPU.ActiveCfg = Release|Any CPU
		{1C4B43E8-F9B3-4EAB-9F87-CADDC589243D}.Release|Any CPU.Build.0 = Release|Any CPU
	EndGlobalSection
	GlobalSection(SolutionProperties) = preSolution
		HideSolutionNode = FALSE
	EndGlobalSection
	GlobalSection(ExtensibilityGlobals) = postSolution
		SolutionGuid = {5F7588E4-3449-4D1B-919F-7B3C0FAB8429}
	EndGlobalSection
EndGlobal
