
Microsoft Visual Studio Solution File, Format Version 12.00
# Visual Studio Version 16
VisualStudioVersion = 16.0.29025.244
MinimumVisualStudioVersion = 10.0.40219.1
Project("{FAE04EC0-301F-11D3-BF4B-00C04F79EFBC}") = "11", "11.csproj", "{A7773CC6-D69E-4AB3-A633-0AEC16761BEF}"
EndProject
Global
	GlobalSection(SolutionConfigurationPlatforms) = preSolution
		Debug|Any CPU = Debug|Any CPU
		Release|Any CPU = Release|Any CPU
	EndGlobalSection
	GlobalSection(ProjectConfigurationPlatforms) = postSolution
		{A7773CC6-D69E-4AB3-A633-0AEC16761BEF}.Debug|Any CPU.ActiveCfg = Debug|Any CPU
		{A7773CC6-D69E-4AB3-A633-0AEC16761BEF}.Debug|Any CPU.Build.0 = Debug|Any CPU
		{A7773CC6-D69E-4AB3-A633-0AEC16761BEF}.Release|Any CPU.ActiveCfg = Release|Any CPU
		{A7773CC6-D69E-4AB3-A633-0AEC16761BEF}.Release|Any CPU.Build.0 = Release|Any CPU
	EndGlobalSection
	GlobalSection(SolutionProperties) = preSolution
		HideSolutionNode = FALSE
	EndGlobalSection
	GlobalSection(ExtensibilityGlobals) = postSolution
		SolutionGuid = {601D7607-07F2-4D33-84BB-51D2AF154624}
	EndGlobalSection
EndGlobal
